
Microsoft Visual Studio Solution File, Format Version 9.00
# Visual Studio 2005
Project("{FAE04EC0-301F-11D3-BF4B-00C04F79EFBC}") = "Coder Journal", "Source\Website\Coder Journal.csproj", "{C8D2CE12-816A-4DDE-95E4-A551A30883A4}"
EndProject
Project("{FAE04EC0-301F-11D3-BF4B-00C04F79EFBC}") = "ManagedFusion", "..\ManagedFusion\Source\ManagedFusion\ManagedFusion.csproj", "{F26CF465-ECA9-43CB-AB25-7EC557CFA0CE}"
EndProject
Project("{4F174C21-8C12-11D0-8340-0000F80270F8}") = "Database", "Source\Database\Database.dbp", "{28AF20A9-688D-4685-956C-8DBC2949FDAD}"
EndProject
Project("{FAE04EC0-301F-11D3-BF4B-00C04F79EFBC}") = "ManagedFusion-SqlServer2000", "..\ManagedFusion\Source\Databases\SqlServer2000\Provider\ManagedFusion-SqlServer2000.csproj", "{8EBE53E5-A163-43B9-8DE8-E5E88BDEB071}"
EndProject
Project("{4F174C21-8C12-11D0-8340-0000F80270F8}") = "ManagedFusion-SqlServer2000-Scripts", "..\ManagedFusion\Source\Databases\SqlServer2000\Scripts\ManagedFusion-SqlServer2000-Scripts.dbp", "{0217C687-0584-457D-89AC-3CDF9463CAEE}"
EndProject
Global
	GlobalSection(SolutionConfigurationPlatforms) = preSolution
		Debug|Any CPU = Debug|Any CPU
		Release|Any CPU = Release|Any CPU
	EndGlobalSection
	GlobalSection(ProjectConfigurationPlatforms) = postSolution
		{C8D2CE12-816A-4DDE-95E4-A551A30883A4}.Debug|Any CPU.ActiveCfg = Debug|Any CPU
		{C8D2CE12-816A-4DDE-95E4-A551A30883A4}.Debug|Any CPU.Build.0 = Debug|Any CPU
		{C8D2CE12-816A-4DDE-95E4-A551A30883A4}.Release|Any CPU.ActiveCfg = Release|Any CPU
		{C8D2CE12-816A-4DDE-95E4-A551A30883A4}.Release|Any CPU.Build.0 = Release|Any CPU
		{F26CF465-ECA9-43CB-AB25-7EC557CFA0CE}.Debug|Any CPU.ActiveCfg = Debug|Any CPU
		{F26CF465-ECA9-43CB-AB25-7EC557CFA0CE}.Debug|Any CPU.Build.0 = Debug|Any CPU
		{F26CF465-ECA9-43CB-AB25-7EC557CFA0CE}.Release|Any CPU.ActiveCfg = Release|Any CPU
		{F26CF465-ECA9-43CB-AB25-7EC557CFA0CE}.Release|Any CPU.Build.0 = Release|Any CPU
		{8EBE53E5-A163-43B9-8DE8-E5E88BDEB071}.Debug|Any CPU.ActiveCfg = Debug|Any CPU
		{8EBE53E5-A163-43B9-8DE8-E5E88BDEB071}.Debug|Any CPU.Build.0 = Debug|Any CPU
		{8EBE53E5-A163-43B9-8DE8-E5E88BDEB071}.Release|Any CPU.ActiveCfg = Release|Any CPU
		{8EBE53E5-A163-43B9-8DE8-E5E88BDEB071}.Release|Any CPU.Build.0 = Release|Any CPU
	EndGlobalSection
	GlobalSection(SolutionProperties) = preSolution
		HideSolutionNode = FALSE
	EndGlobalSection
EndGlobal
